
Microsoft Visual Studio Solution File, Format Version 12.00
# Visual Studio Version 17
VisualStudioVersion = 17.6.33712.159
MinimumVisualStudioVersion = 10.0.40219.1
Project("{8BC9CEB8-8B4A-11D0-8D11-00A0C91BC942}") = "MetalSlugDirectX", "MetalSlugDirectX.vcxproj", "{E5ABEF4B-7E7E-48B6-8C7D-A7B12D26EB4F}"
EndProject
Global
	GlobalSection(SolutionConfigurationPlatforms) = preSolution
		Debug|x64 = Debug|x64
		Debug|x86 = Debug|x86
		Release|x64 = Release|x64
		Release|x86 = Release|x86
	EndGlobalSection
	GlobalSection(ProjectConfigurationPlatforms) = postSolution
		{E5ABEF4B-7E7E-48B6-8C7D-A7B12D26EB4F}.Debug|x64.ActiveCfg = Debug|x64
		{E5ABEF4B-7E7E-48B6-8C7D-A7B12D26EB4F}.Debug|x64.Build.0 = Debug|x64
		{E5ABEF4B-7E7E-48B6-8C7D-A7B12D26EB4F}.Debug|x86.ActiveCfg = Debug|Win32
		{E5ABEF4B-7E7E-48B6-8C7D-A7B12D26EB4F}.Debug|x86.Build.0 = Debug|Win32
		{E5ABEF4B-7E7E-48B6-8C7D-A7B12D26EB4F}.Release|x64.ActiveCfg = Release|x64
		{E5ABEF4B-7E7E-48B6-8C7D-A7B12D26EB4F}.Release|x64.Build.0 = Release|x64
		{E5ABEF4B-7E7E-48B6-8C7D-A7B12D26EB4F}.Release|x86.ActiveCfg = Release|Win32
		{E5ABEF4B-7E7E-48B6-8C7D-A7B12D26EB4F}.Release|x86.Build.0 = Release|Win32
	EndGlobalSection
	GlobalSection(SolutionProperties) = preSolution
		HideSolutionNode = FALSE
	EndGlobalSection
	GlobalSection(ExtensibilityGlobals) = postSolution
		SolutionGuid = {08F8A36D-56EE-4F56-A705-249B2F69B482}
	EndGlobalSection
EndGlobal
