<?xml version="1.0" encoding="utf-8"?>
<Project ToolsVersion="4.0" xmlns="http://schemas.microsoft.com/developer/msbuild/2003">
  <ItemGroup>
    <Filter Include="Source Files">
      <UniqueIdentifier>{4FC737F1-C7A5-4376-A066-2A32D752A2FF}</UniqueIdentifier>
      <Extensions>cpp;c;cc;cxx;c++;cppm;ixx;def;odl;idl;hpj;bat;asm;asmx</Extensions>
    </Filter>
    <Filter Include="Header Files">
      <UniqueIdentifier>{93995380-89BD-4b04-88EB-625FBE52EBFB}</UniqueIdentifier>
      <Extensions>h;hh;hpp;hxx;h++;hm;inl;inc;ipp;xsd</Extensions>
    </Filter>
    <Filter Include="Resource Files">
      <UniqueIdentifier>{67DA6AB6-F800-4c08-8B7A-83BB121AAD01}</UniqueIdentifier>
      <Extensions>rc;ico;cur;bmp;dlg;rc2;rct;bin;rgs;gif;jpg;jpeg;jpe;resx;tiff;tif;png;wav;mfcribbon-ms</Extensions>
    </Filter>
    <Filter Include="Source Files\GameCode">
      <UniqueIdentifier>{48ffa0f0-30b2-4ad6-a38b-baa3d62e5a16}</UniqueIdentifier>
    </Filter>
  </ItemGroup>
  <ItemGroup>
    <ClCompile Include="DirectX9BackEnd.cpp">
      <Filter>Source Files</Filter>
    </ClCompile>
    <ClCompile Include="SDL2BackEnd.cpp">
      <Filter>Source Files</Filter>
    </ClCompile>
    <ClCompile Include="SDL2Util.cpp">
      <Filter>Source Files</Filter>
    </ClCompile>
    <ClCompile Include="SDL2PlatformMethodsCollection.cpp">
      <Filter>Source Files</Filter>
    </ClCompile>
    <ClCompile Include="GameCode\MetalSlug.cpp">
      <Filter>Source Files\GameCode</Filter>
    </ClCompile>
    <ClCompile Include="GameCode\Animation.cpp">
      <Filter>Source Files\GameCode</Filter>
    </ClCompile>
    <ClCompile Include="Util.cpp">
      <Filter>Source Files</Filter>
    </ClCompile>
    <ClCompile Include="main.cpp">
      <Filter>Source Files</Filter>
    </ClCompile>
    <ClCompile Include="SDL2Components.cpp">
      <Filter>Source Files</Filter>
    </ClCompile>
    <ClCompile Include="GameCode\CollisionChecker.cpp">
      <Filter>Source Files\GameCode</Filter>
    </ClCompile>
    <ClCompile Include="GameCode\Tinyc2CollisionChecker.cpp">
      <Filter>Source Files</Filter>
    </ClCompile>
    <ClCompile Include="SDL2SandBox.cpp">
      <Filter>Source Files</Filter>
    </ClCompile>
    <ClCompile Include="GameCode\Player.cpp">
      <Filter>Source Files\GameCode</Filter>
    </ClCompile>
    <ClCompile Include="GameCode\Hostage.cpp">
      <Filter>Source Files\GameCode</Filter>
    </ClCompile>
    <ClCompile Include="GameCode\RebelSoilder.h">
      <Filter>Source Files\GameCode</Filter>
    </ClCompile>
  </ItemGroup>
  <ItemGroup>
    <Text Include="TODO.txt" />
  </ItemGroup>
  <ItemGroup>
    <Image Include="assets\imgs\anhgaixinh.bmp">
      <Filter>Resource Files</Filter>
    </Image>
  </ItemGroup>
  <ItemGroup>
    <ClInclude Include="GameCode\MetalSlug.h">
      <Filter>Source Files\GameCode</Filter>
    </ClInclude>
    <ClInclude Include="GameCode\Animation.h">
      <Filter>Header Files</Filter>
    </ClInclude>
    <ClInclude Include="GameCode\CollisionChecker.h">
      <Filter>Header Files</Filter>
    </ClInclude>
    <ClInclude Include="GameCode\Grenade.h">
      <Filter>Source Files\GameCode</Filter>
    </ClInclude>
    <ClInclude Include="GameCode\Physics.h">
      <Filter>Source Files\GameCode</Filter>
    </ClInclude>
    <ClInclude Include="GameCode\PlayerPhysic.h">
      <Filter>Source Files\GameCode</Filter>
    </ClInclude>
    <ClInclude Include="GameCode\PlayerAnimation.h">
      <Filter>Source Files\GameCode</Filter>
    </ClInclude>
    <ClInclude Include="GameCode\StateMachine.h">
      <Filter>Source Files\GameCode</Filter>
    </ClInclude>
  </ItemGroup>
</Project>